
Microsoft Visual Studio Solution File, Format Version 12.00
# Visual Studio 15
VisualStudioVersion = 15.0.28307.168
MinimumVisualStudioVersion = 10.0.40219.1
Project("{9A19103F-16F7-4668-BE54-9A1E7A4F7556}") = "Less3", "Less3\Less3.csproj", "{A6AF80E6-A92A-4A52-8ECD-713EFD3465DA}"
EndProject
Global
	GlobalSection(SolutionConfigurationPlatforms) = preSolution
		Debug|Any CPU = Debug|Any CPU
		Release|Any CPU = Release|Any CPU
	EndGlobalSection
	GlobalSection(ProjectConfigurationPlatforms) = postSolution
		{A6AF80E6-A92A-4A52-8ECD-713EFD3465DA}.Debug|Any CPU.ActiveCfg = Debug|Any CPU
		{A6AF80E6-A92A-4A52-8ECD-713EFD3465DA}.Debug|Any CPU.Build.0 = Debug|Any CPU
		{A6AF80E6-A92A-4A52-8ECD-713EFD3465DA}.Release|Any CPU.ActiveCfg = Release|Any CPU
		{A6AF80E6-A92A-4A52-8ECD-713EFD3465DA}.Release|Any CPU.Build.0 = Release|Any CPU
	EndGlobalSection
	GlobalSection(SolutionProperties) = preSolution
		HideSolutionNode = FALSE
	EndGlobalSection
	GlobalSection(ExtensibilityGlobals) = postSolution
		SolutionGuid = {A039530E-9907-434C-8B92-D1CE3B972E9B}
	EndGlobalSection
EndGlobal
